
Microsoft Visual Studio Solution File, Format Version 12.00
# Visual Studio Version 17
VisualStudioVersion = 17.5.33424.131
MinimumVisualStudioVersion = 10.0.40219.1
Project("{FAE04EC0-301F-11D3-BF4B-00C04F79EFBC}") = "Task 8 - 23.05.2024", "Task 8 - 23.05.2024.csproj", "{AEEFE2E3-1811-4E5B-B93B-ABE26BAC936A}"
EndProject
Global
	GlobalSection(SolutionConfigurationPlatforms) = preSolution
		Debug|Any CPU = Debug|Any CPU
		Release|Any CPU = Release|Any CPU
	EndGlobalSection
	GlobalSection(ProjectConfigurationPlatforms) = postSolution
		{AEEFE2E3-1811-4E5B-B93B-ABE26BAC936A}.Debug|Any CPU.ActiveCfg = Debug|Any CPU
		{AEEFE2E3-1811-4E5B-B93B-ABE26BAC936A}.Debug|Any CPU.Build.0 = Debug|Any CPU
		{AEEFE2E3-1811-4E5B-B93B-ABE26BAC936A}.Release|Any CPU.ActiveCfg = Release|Any CPU
		{AEEFE2E3-1811-4E5B-B93B-ABE26BAC936A}.Release|Any CPU.Build.0 = Release|Any CPU
	EndGlobalSection
	GlobalSection(SolutionProperties) = preSolution
		HideSolutionNode = FALSE
	EndGlobalSection
	GlobalSection(ExtensibilityGlobals) = postSolution
		SolutionGuid = {B2712EE5-5E9D-465E-BAC9-53633571B81C}
	EndGlobalSection
EndGlobal
